// !$*UTF8*$!
{
	archiveVersion = 1;
	classes = {
	};
	objectVersion = 55;
	objects = {

/* Begin PBXBuildFile section */
		9B595475280A7AF100A3022E /* AppDelegate.m in Sources */ = {isa = PBXBuildFile; fileRef = 9B595474280A7AF100A3022E /* AppDelegate.m */; };
		9B595478280A7AF100A3022E /* SceneDelegate.m in Sources */ = {isa = PBXBuildFile; fileRef = 9B595477280A7AF100A3022E /* SceneDelegate.m */; };
		9B59547E280A7AF100A3022E /* Main.storyboard in Resources */ = {isa = PBXBuildFile; fileRef = 9B59547C280A7AF100A3022E /* Main.storyboard */; };
		9B595480280A7AF200A3022E /* Assets.xcassets in Resources */ = {isa = PBXBuildFile; fileRef = 9B59547F280A7AF200A3022E /* Assets.xcassets */; };
		9B595483280A7AF200A3022E /* LaunchScreen.storyboard in Resources */ = {isa = PBXBuildFile; fileRef = 9B595481280A7AF200A3022E /* LaunchScreen.storyboard */; };
		9B595486280A7AF200A3022E /* main.m in Sources */ = {isa = PBXBuildFile; fileRef = 9B595485280A7AF200A3022E /* main.m */; };
		9B59549E280A7D1A00A3022E /* 陀飞轮.mp3 in Resources */ = {isa = PBXBuildFile; fileRef = 9B595497280A7D1A00A3022E /* 陀飞轮.mp3 */; };
		9B59549F280A7D1A00A3022E /* 今天只做一件事.mp3 in Resources */ = {isa = PBXBuildFile; fileRef = 9B595498280A7D1A00A3022E /* 今天只做一件事.mp3 */; };
		9B5954A0280A7D1A00A3022E /* 十面埋伏.mp3 in Resources */ = {isa = PBXBuildFile; fileRef = 9B595499280A7D1A00A3022E /* 十面埋伏.mp3 */; };
		9B5954A1280A7D1A00A3022E /* musicList.plist in Resources */ = {isa = PBXBuildFile; fileRef = 9B59549A280A7D1A00A3022E /* musicList.plist */; };
		9B5954A2280A7D1A00A3022E /* 富士山下.mp3 in Resources */ = {isa = PBXBuildFile; fileRef = 9B59549B280A7D1A00A3022E /* 富士山下.mp3 */; };
		9B5954A3280A7D1A00A3022E /* 慢慢喜欢你.mp3 in Resources */ = {isa = PBXBuildFile; fileRef = 9B59549C280A7D1A00A3022E /* 慢慢喜欢你.mp3 */; };
		9B5954A7280A7FC100A3022E /* PlayViewController.m in Sources */ = {isa = PBXBuildFile; fileRef = 9B5954A6280A7FC100A3022E /* PlayViewController.m */; };
		9B5954AA280A7FE000A3022E /* MusicPlayerCenter.m in Sources */ = {isa = PBXBuildFile; fileRef = 9B5954A9280A7FE000A3022E /* MusicPlayerCenter.m */; };
		9B5954AE280A87E600A3022E /* UIImage+SFFont.m in Sources */ = {isa = PBXBuildFile; fileRef = 9B5954AD280A87E600A3022E /* UIImage+SFFont.m */; };
		9B5954B9280AAC2100A3022E /* MusicModel.m in Sources */ = {isa = PBXBuildFile; fileRef = 9B5954B8280AAC2100A3022E /* MusicModel.m */; };
		A6D03DEB280AB5F500D2CAC3 /* HomeViewController.m in Sources */ = {isa = PBXBuildFile; fileRef = A6D03DEA280AB5F500D2CAC3 /* HomeViewController.m */; };
		A6D03DEF280AB66200D2CAC3 /* ListTableViewCell.m in Sources */ = {isa = PBXBuildFile; fileRef = A6D03DEE280AB66200D2CAC3 /* ListTableViewCell.m */; };
		A6D03DF2280AD01400D2CAC3 /* DailyRecmViewController.m in Sources */ = {isa = PBXBuildFile; fileRef = A6D03DF1280AD01400D2CAC3 /* DailyRecmViewController.m */; };
		A6D03DF5280AD03100D2CAC3 /* FavoriteViewController.m in Sources */ = {isa = PBXBuildFile; fileRef = A6D03DF4280AD03100D2CAC3 /* FavoriteViewController.m */; };
		A6D03DF8280AEA8200D2CAC3 /* MusicPlayerView.m in Sources */ = {isa = PBXBuildFile; fileRef = A6D03DF7280AEA8200D2CAC3 /* MusicPlayerView.m */; };
		A6D03E03280BBC4000D2CAC3 /* VoiceSearchCenter.m in Sources */ = {isa = PBXBuildFile; fileRef = A6D03E02280BBC4000D2CAC3 /* VoiceSearchCenter.m */; };
		A6D03E07280BE6A000D2CAC3 /* VoiceBroadcastTool.m in Sources */ = {isa = PBXBuildFile; fileRef = A6D03E06280BE6A000D2CAC3 /* VoiceBroadcastTool.m */; };
/* End PBXBuildFile section */

/* Begin PBXFileReference section */
		9B595470280A7AF100A3022E /* XiGuaMusicPlayer.app */ = {isa = PBXFileReference; explicitFileType = wrapper.application; includeInIndex = 0; path = XiGuaMusicPlayer.app; sourceTree = BUILT_PRODUCTS_DIR; };
		9B595473280A7AF100A3022E /* AppDelegate.h */ = {isa = PBXFileReference; lastKnownFileType = sourcecode.c.h; path = AppDelegate.h; sourceTree = "<group>"; };
		9B595474280A7AF100A3022E /* AppDelegate.m */ = {isa = PBXFileReference; lastKnownFileType = sourcecode.c.objc; path = AppDelegate.m; sourceTree = "<group>"; };
		9B595476280A7AF100A3022E /* SceneDelegate.h */ = {isa = PBXFileReference; lastKnownFileType = sourcecode.c.h; path = SceneDelegate.h; sourceTree = "<group>"; };
		9B595477280A7AF100A3022E /* SceneDelegate.m */ = {isa = PBXFileReference; lastKnownFileType = sourcecode.c.objc; path = SceneDelegate.m; sourceTree = "<group>"; };
		9B59547D280A7AF100A3022E /* Base */ = {isa = PBXFileReference; lastKnownFileType = file.storyboard; name = Base; path = Base.lproj/Main.storyboard; sourceTree = "<group>"; };
		9B59547F280A7AF200A3022E /* Assets.xcassets */ = {isa = PBXFileReference; lastKnownFileType = folder.assetcatalog; path = Assets.xcassets; sourceTree = "<group>"; };
		9B595482280A7AF200A3022E /* Base */ = {isa = PBXFileReference; lastKnownFileType = file.storyboard; name = Base; path = Base.lproj/LaunchScreen.storyboard; sourceTree = "<group>"; };
		9B595484280A7AF200A3022E /* Info.plist */ = {isa = PBXFileReference; lastKnownFileType = text.plist.xml; path = Info.plist; sourceTree = "<group>"; };
		9B595485280A7AF200A3022E /* main.m */ = {isa = PBXFileReference; lastKnownFileType = sourcecode.c.objc; path = main.m; sourceTree = "<group>"; };
		9B595497280A7D1A00A3022E /* 陀飞轮.mp3 */ = {isa = PBXFileReference; lastKnownFileType = audio.mp3; path = "陀飞轮.mp3"; sourceTree = "<group>"; };
		9B595498280A7D1A00A3022E /* 今天只做一件事.mp3 */ = {isa = PBXFileReference; lastKnownFileType = audio.mp3; path = "今天只做一件事.mp3"; sourceTree = "<group>"; };
		9B595499280A7D1A00A3022E /* 十面埋伏.mp3 */ = {isa = PBXFileReference; lastKnownFileType = audio.mp3; path = "十面埋伏.mp3"; sourceTree = "<group>"; };
		9B59549A280A7D1A00A3022E /* musicList.plist */ = {isa = PBXFileReference; fileEncoding = 4; lastKnownFileType = text.plist.xml; path = musicList.plist; sourceTree = "<group>"; };
		9B59549B280A7D1A00A3022E /* 富士山下.mp3 */ = {isa = PBXFileReference; lastKnownFileType = audio.mp3; path = "富士山下.mp3"; sourceTree = "<group>"; };
		9B59549C280A7D1A00A3022E /* 慢慢喜欢你.mp3 */ = {isa = PBXFileReference; lastKnownFileType = audio.mp3; path = "慢慢喜欢你.mp3"; sourceTree = "<group>"; };
		9B5954A5280A7FC100A3022E /* PlayViewController.h */ = {isa = PBXFileReference; lastKnownFileType = sourcecode.c.h; path = PlayViewController.h; sourceTree = "<group>"; };
		9B5954A6280A7FC100A3022E /* PlayViewController.m */ = {isa = PBXFileReference; lastKnownFileType = sourcecode.c.objc; path = PlayViewController.m; sourceTree = "<group>"; };
		9B5954A8280A7FE000A3022E /* MusicPlayerCenter.h */ = {isa = PBXFileReference; lastKnownFileType = sourcecode.c.h; path = MusicPlayerCenter.h; sourceTree = "<group>"; };
		9B5954A9280A7FE000A3022E /* MusicPlayerCenter.m */ = {isa = PBXFileReference; lastKnownFileType = sourcecode.c.objc; path = MusicPlayerCenter.m; sourceTree = "<group>"; };
		9B5954AC280A87E600A3022E /* UIImage+SFFont.h */ = {isa = PBXFileReference; lastKnownFileType = sourcecode.c.h; path = "UIImage+SFFont.h"; sourceTree = "<group>"; };
		9B5954AD280A87E600A3022E /* UIImage+SFFont.m */ = {isa = PBXFileReference; lastKnownFileType = sourcecode.c.objc; path = "UIImage+SFFont.m"; sourceTree = "<group>"; };
		9B5954B6280A9C5600A3022E /* Common.h */ = {isa = PBXFileReference; lastKnownFileType = sourcecode.c.h; path = Common.h; sourceTree = "<group>"; };
		9B5954B7280AAC2100A3022E /* MusicModel.h */ = {isa = PBXFileReference; lastKnownFileType = sourcecode.c.h; path = MusicModel.h; sourceTree = "<group>"; };
		9B5954B8280AAC2100A3022E /* MusicModel.m */ = {isa = PBXFileReference; lastKnownFileType = sourcecode.c.objc; path = MusicModel.m; sourceTree = "<group>"; };
		A6D03DE9280AB5F500D2CAC3 /* HomeViewController.h */ = {isa = PBXFileReference; lastKnownFileType = sourcecode.c.h; path = HomeViewController.h; sourceTree = "<group>"; };
		A6D03DEA280AB5F500D2CAC3 /* HomeViewController.m */ = {isa = PBXFileReference; lastKnownFileType = sourcecode.c.objc; path = HomeViewController.m; sourceTree = "<group>"; };
		A6D03DED280AB66200D2CAC3 /* ListTableViewCell.h */ = {isa = PBXFileReference; lastKnownFileType = sourcecode.c.h; path = ListTableViewCell.h; sourceTree = "<group>"; };
		A6D03DEE280AB66200D2CAC3 /* ListTableViewCell.m */ = {isa = PBXFileReference; lastKnownFileType = sourcecode.c.objc; path = ListTableViewCell.m; sourceTree = "<group>"; };
		A6D03DF0280AD01400D2CAC3 /* DailyRecmViewController.h */ = {isa = PBXFileReference; lastKnownFileType = sourcecode.c.h; path = DailyRecmViewController.h; sourceTree = "<group>"; };
		A6D03DF1280AD01400D2CAC3 /* DailyRecmViewController.m */ = {isa = PBXFileReference; lastKnownFileType = sourcecode.c.objc; path = DailyRecmViewController.m; sourceTree = "<group>"; };
		A6D03DF3280AD03100D2CAC3 /* FavoriteViewController.h */ = {isa = PBXFileReference; lastKnownFileType = sourcecode.c.h; path = FavoriteViewController.h; sourceTree = "<group>"; };
		A6D03DF4280AD03100D2CAC3 /* FavoriteViewController.m */ = {isa = PBXFileReference; lastKnownFileType = sourcecode.c.objc; path = FavoriteViewController.m; sourceTree = "<group>"; };
		A6D03DF6280AEA8200D2CAC3 /* MusicPlayerView.h */ = {isa = PBXFileReference; lastKnownFileType = sourcecode.c.h; path = MusicPlayerView.h; sourceTree = "<group>"; };
		A6D03DF7280AEA8200D2CAC3 /* MusicPlayerView.m */ = {isa = PBXFileReference; lastKnownFileType = sourcecode.c.objc; path = MusicPlayerView.m; sourceTree = "<group>"; };
		A6D03E01280BBC4000D2CAC3 /* VoiceSearchCenter.h */ = {isa = PBXFileReference; lastKnownFileType = sourcecode.c.h; path = VoiceSearchCenter.h; sourceTree = "<group>"; };
		A6D03E02280BBC4000D2CAC3 /* VoiceSearchCenter.m */ = {isa = PBXFileReference; lastKnownFileType = sourcecode.c.objc; path = VoiceSearchCenter.m; sourceTree = "<group>"; };
		A6D03E05280BE6A000D2CAC3 /* VoiceBroadcastTool.h */ = {isa = PBXFileReference; lastKnownFileType = sourcecode.c.h; path = VoiceBroadcastTool.h; sourceTree = "<group>"; };
		A6D03E06280BE6A000D2CAC3 /* VoiceBroadcastTool.m */ = {isa = PBXFileReference; lastKnownFileType = sourcecode.c.objc; path = VoiceBroadcastTool.m; sourceTree = "<group>"; };
/* End PBXFileReference section */

/* Begin PBXFrameworksBuildPhase section */
		9B59546D280A7AF100A3022E /* Frameworks */ = {
			isa = PBXFrameworksBuildPhase;
			buildActionMask = 2147483647;
			files = (
			);
			runOnlyForDeploymentPostprocessing = 0;
		};
/* End PBXFrameworksBuildPhase section */

/* Begin PBXGroup section */
		9B595467280A7AF100A3022E = {
			isa = PBXGroup;
			children = (
				9B595472280A7AF100A3022E /* XiGuaMusicPlayer */,
				9B595471280A7AF100A3022E /* Products */,
			);
			sourceTree = "<group>";
		};
		9B595471280A7AF100A3022E /* Products */ = {
			isa = PBXGroup;
			children = (
				9B595470280A7AF100A3022E /* XiGuaMusicPlayer.app */,
			);
			name = Products;
			sourceTree = "<group>";
		};
		9B595472280A7AF100A3022E /* XiGuaMusicPlayer */ = {
			isa = PBXGroup;
			children = (
				9B5954B6280A9C5600A3022E /* Common.h */,
				A6D03E04280BE64D00D2CAC3 /* Tool */,
				A6D03E00280BBBF300D2CAC3 /* VoiceSearchCenter */,
				9B5954AB280A878500A3022E /* Category */,
				9B595494280A7BDC00A3022E /* View */,
				9B595490280A7B5200A3022E /* PlayerCenter */,
				9B59548F280A7B4B00A3022E /* Model */,
				9B59548C280A7B3200A3022E /* ViewController */,
				9B59548E280A7B4300A3022E /* Other */,
				9B595495280A7D1A00A3022E /* MusicsAndPlist */,
				9B595484280A7AF200A3022E /* Info.plist */,
				9B59547F280A7AF200A3022E /* Assets.xcassets */,
			);
			path = XiGuaMusicPlayer;
			sourceTree = "<group>";
		};
		9B59548C280A7B3200A3022E /* ViewController */ = {
			isa = PBXGroup;
			children = (
				A6D03DFA280BB38D00D2CAC3 /* FavoriteViewController */,
				A6D03DF9280BB36800D2CAC3 /* DailyRecmViewContoller */,
				A6D03DE8280AB5D300D2CAC3 /* HomeViewController */,
				9B5954A4280A7FA800A3022E /* PlayViewController */,
			);
			path = ViewController;
			sourceTree = "<group>";
		};
		9B59548E280A7B4300A3022E /* Other */ = {
			isa = PBXGroup;
			children = (
				9B595473280A7AF100A3022E /* AppDelegate.h */,
				9B595474280A7AF100A3022E /* AppDelegate.m */,
				9B595476280A7AF100A3022E /* SceneDelegate.h */,
				9B595477280A7AF100A3022E /* SceneDelegate.m */,
				9B59547C280A7AF100A3022E /* Main.storyboard */,
				9B595481280A7AF200A3022E /* LaunchScreen.storyboard */,
				9B595485280A7AF200A3022E /* main.m */,
			);
			path = Other;
			sourceTree = "<group>";
		};
		9B59548F280A7B4B00A3022E /* Model */ = {
			isa = PBXGroup;
			children = (
				9B5954B7280AAC2100A3022E /* MusicModel.h */,
				9B5954B8280AAC2100A3022E /* MusicModel.m */,
			);
			path = Model;
			sourceTree = "<group>";
		};
		9B595490280A7B5200A3022E /* PlayerCenter */ = {
			isa = PBXGroup;
			children = (
				9B5954A8280A7FE000A3022E /* MusicPlayerCenter.h */,
				9B5954A9280A7FE000A3022E /* MusicPlayerCenter.m */,
			);
			path = PlayerCenter;
			sourceTree = "<group>";
		};
		9B595494280A7BDC00A3022E /* View */ = {
			isa = PBXGroup;
			children = (
				A6D03DFB280BB53E00D2CAC3 /* MusicPlayerView */,
				A6D03DEC280AB64300D2CAC3 /* Cell */,
			);
			path = View;
			sourceTree = "<group>";
		};
		9B595495280A7D1A00A3022E /* MusicsAndPlist */ = {
			isa = PBXGroup;
			children = (
				9B595497280A7D1A00A3022E /* 陀飞轮.mp3 */,
				9B595498280A7D1A00A3022E /* 今天只做一件事.mp3 */,
				9B595499280A7D1A00A3022E /* 十面埋伏.mp3 */,
				9B59549B280A7D1A00A3022E /* 富士山下.mp3 */,
				9B59549C280A7D1A00A3022E /* 慢慢喜欢你.mp3 */,
				9B59549A280A7D1A00A3022E /* musicList.plist */,
			);
			path = MusicsAndPlist;
			sourceTree = "<group>";
		};
		9B5954A4280A7FA800A3022E /* PlayViewController */ = {
			isa = PBXGroup;
			children = (
				9B5954A5280A7FC100A3022E /* PlayViewController.h */,
				9B5954A6280A7FC100A3022E /* PlayViewController.m */,
			);
			path = PlayViewController;
			sourceTree = "<group>";
		};
		9B5954AB280A878500A3022E /* Category */ = {
			isa = PBXGroup;
			children = (
				9B5954AC280A87E600A3022E /* UIImage+SFFont.h */,
				9B5954AD280A87E600A3022E /* UIImage+SFFont.m */,
			);
			path = Category;
			sourceTree = "<group>";
		};
		A6D03DE8280AB5D300D2CAC3 /* HomeViewController */ = {
			isa = PBXGroup;
			children = (
				A6D03DE9280AB5F500D2CAC3 /* HomeViewController.h */,
				A6D03DEA280AB5F500D2CAC3 /* HomeViewController.m */,
			);
			path = HomeViewController;
			sourceTree = "<group>";
		};
		A6D03DEC280AB64300D2CAC3 /* Cell */ = {
			isa = PBXGroup;
			children = (
				A6D03DED280AB66200D2CAC3 /* ListTableViewCell.h */,
				A6D03DEE280AB66200D2CAC3 /* ListTableViewCell.m */,
			);
			path = Cell;
			sourceTree = "<group>";
		};
		A6D03DF9280BB36800D2CAC3 /* DailyRecmViewContoller */ = {
			isa = PBXGroup;
			children = (
				A6D03DF0280AD01400D2CAC3 /* DailyRecmViewController.h */,
				A6D03DF1280AD01400D2CAC3 /* DailyRecmViewController.m */,
			);
			path = DailyRecmViewContoller;
			sourceTree = "<group>";
		};
		A6D03DFA280BB38D00D2CAC3 /* FavoriteViewController */ = {
			isa = PBXGroup;
			children = (
				A6D03DF3280AD03100D2CAC3 /* FavoriteViewController.h */,
				A6D03DF4280AD03100D2CAC3 /* FavoriteViewController.m */,
			);
			path = FavoriteViewController;
			sourceTree = "<group>";
		};
		A6D03DFB280BB53E00D2CAC3 /* MusicPlayerView */ = {
			isa = PBXGroup;
			children = (
				A6D03DF6280AEA8200D2CAC3 /* MusicPlayerView.h */,
				A6D03DF7280AEA8200D2CAC3 /* MusicPlayerView.m */,
			);
			path = MusicPlayerView;
			sourceTree = "<group>";
		};
		A6D03E00280BBBF300D2CAC3 /* VoiceSearchCenter */ = {
			isa = PBXGroup;
			children = (
				A6D03E01280BBC4000D2CAC3 /* VoiceSearchCenter.h */,
				A6D03E02280BBC4000D2CAC3 /* VoiceSearchCenter.m */,
			);
			path = VoiceSearchCenter;
			sourceTree = "<group>";
		};
		A6D03E04280BE64D00D2CAC3 /* Tool */ = {
			isa = PBXGroup;
			children = (
				A6D03E05280BE6A000D2CAC3 /* VoiceBroadcastTool.h */,
				A6D03E06280BE6A000D2CAC3 /* VoiceBroadcastTool.m */,
			);
			path = Tool;
			sourceTree = "<group>";
		};
/* End PBXGroup section */

/* Begin PBXNativeTarget section */
		9B59546F280A7AF100A3022E /* XiGuaMusicPlayer */ = {
			isa = PBXNativeTarget;
			buildConfigurationList = 9B595489280A7AF200A3022E /* Build configuration list for PBXNativeTarget "XiGuaMusicPlayer" */;
			buildPhases = (
				9B59546C280A7AF100A3022E /* Sources */,
				9B59546D280A7AF100A3022E /* Frameworks */,
				9B59546E280A7AF100A3022E /* Resources */,
			);
			buildRules = (
			);
			dependencies = (
			);
			name = XiGuaMusicPlayer;
			productName = XiGuaMusicPlayer;
			productReference = 9B595470280A7AF100A3022E /* XiGuaMusicPlayer.app */;
			productType = "com.apple.product-type.application";
		};
/* End PBXNativeTarget section */

/* Begin PBXProject section */
		9B595468280A7AF100A3022E /* Project object */ = {
			isa = PBXProject;
			attributes = {
				BuildIndependentTargetsInParallel = 1;
				LastUpgradeCheck = 1320;
				TargetAttributes = {
					9B59546F280A7AF100A3022E = {
						CreatedOnToolsVersion = 13.2.1;
					};
				};
			};
			buildConfigurationList = 9B59546B280A7AF100A3022E /* Build configuration list for PBXProject "XiGuaMusicPlayer" */;
			compatibilityVersion = "Xcode 13.0";
			developmentRegion = en;
			hasScannedForEncodings = 0;
			knownRegions = (
				en,
				Base,
			);
			mainGroup = 9B595467280A7AF100A3022E;
			productRefGroup = 9B595471280A7AF100A3022E /* Products */;
			projectDirPath = "";
			projectRoot = "";
			targets = (
				9B59546F280A7AF100A3022E /* XiGuaMusicPlayer */,
			);
		};
/* End PBXProject section */

/* Begin PBXResourcesBuildPhase section */
		9B59546E280A7AF100A3022E /* Resources */ = {
			isa = PBXResourcesBuildPhase;
			buildActionMask = 2147483647;
			files = (
				9B5954A2280A7D1A00A3022E /* 富士山下.mp3 in Resources */,
				9B59549E280A7D1A00A3022E /* 陀飞轮.mp3 in Resources */,
				9B5954A0280A7D1A00A3022E /* 十面埋伏.mp3 in Resources */,
				9B595483280A7AF200A3022E /* LaunchScreen.storyboard in Resources */,
				9B59549F280A7D1A00A3022E /* 今天只做一件事.mp3 in Resources */,
				9B595480280A7AF200A3022E /* Assets.xcassets in Resources */,
				9B5954A3280A7D1A00A3022E /* 慢慢喜欢你.mp3 in Resources */,
				9B5954A1280A7D1A00A3022E /* musicList.plist in Resources */,
				9B59547E280A7AF100A3022E /* Main.storyboard in Resources */,
			);
			runOnlyForDeploymentPostprocessing = 0;
		};
/* End PBXResourcesBuildPhase section */

/* Begin PBXSourcesBuildPhase section */
		9B59546C280A7AF100A3022E /* Sources */ = {
			isa = PBXSourcesBuildPhase;
			buildActionMask = 2147483647;
			files = (
				9B595475280A7AF100A3022E /* AppDelegate.m in Sources */,
				A6D03E03280BBC4000D2CAC3 /* VoiceSearchCenter.m in Sources */,
				9B5954B9280AAC2100A3022E /* MusicModel.m in Sources */,
				9B5954AA280A7FE000A3022E /* MusicPlayerCenter.m in Sources */,
				A6D03E07280BE6A000D2CAC3 /* VoiceBroadcastTool.m in Sources */,
				9B595486280A7AF200A3022E /* main.m in Sources */,
				A6D03DEB280AB5F500D2CAC3 /* HomeViewController.m in Sources */,
				A6D03DF8280AEA8200D2CAC3 /* MusicPlayerView.m in Sources */,
				9B5954A7280A7FC100A3022E /* PlayViewController.m in Sources */,
				9B5954AE280A87E600A3022E /* UIImage+SFFont.m in Sources */,
				A6D03DF2280AD01400D2CAC3 /* DailyRecmViewController.m in Sources */,
				A6D03DF5280AD03100D2CAC3 /* FavoriteViewController.m in Sources */,
				9B595478280A7AF100A3022E /* SceneDelegate.m in Sources */,
				A6D03DEF280AB66200D2CAC3 /* ListTableViewCell.m in Sources */,
			);
			runOnlyForDeploymentPostprocessing = 0;
		};
/* End PBXSourcesBuildPhase section */

/* Begin PBXVariantGroup section */
		9B59547C280A7AF100A3022E /* Main.storyboard */ = {
			isa = PBXVariantGroup;
			children = (
				9B59547D280A7AF100A3022E /* Base */,
			);
			name = Main.storyboard;
			sourceTree = "<group>";
		};
		9B595481280A7AF200A3022E /* LaunchScreen.storyboard */ = {
			isa = PBXVariantGroup;
			children = (
				9B595482280A7AF200A3022E /* Base */,
			);
			name = LaunchScreen.storyboard;
			sourceTree = "<group>";
		};
/* End PBXVariantGroup section */

/* Begin XCBuildConfiguration section */
		9B595487280A7AF200A3022E /* Debug */ = {
			isa = XCBuildConfiguration;
			buildSettings = {
				ALWAYS_SEARCH_USER_PATHS = NO;
				CLANG_ANALYZER_NONNULL = YES;
				CLANG_ANALYZER_NUMBER_OBJECT_CONVERSION = YES_AGGRESSIVE;
				CLANG_CXX_LANGUAGE_STANDARD = "gnu++17";
				CLANG_CXX_LIBRARY = "libc++";
				CLANG_ENABLE_MODULES = YES;
				CLANG_ENABLE_OBJC_ARC = YES;
				CLANG_ENABLE_OBJC_WEAK = YES;
				CLANG_WARN_BLOCK_CAPTURE_AUTORELEASING = YES;
				CLANG_WARN_BOOL_CONVERSION = YES;
				CLANG_WARN_COMMA = YES;
				CLANG_WARN_CONSTANT_CONVERSION = YES;
				CLANG_WARN_DEPRECATED_OBJC_IMPLEMENTATIONS = YES;
				CLANG_WARN_DIRECT_OBJC_ISA_USAGE = YES_ERROR;
				CLANG_WARN_DOCUMENTATION_COMMENTS = YES;
				CLANG_WARN_EMPTY_BODY = YES;
				CLANG_WARN_ENUM_CONVERSION = YES;
				CLANG_WARN_INFINITE_RECURSION = YES;
				CLANG_WARN_INT_CONVERSION = YES;
				CLANG_WARN_NON_LITERAL_NULL_CONVERSION = YES;
				CLANG_WARN_OBJC_IMPLICIT_RETAIN_SELF = YES;
				CLANG_WARN_OBJC_LITERAL_CONVERSION = YES;
				CLANG_WARN_OBJC_ROOT_CLASS = YES_ERROR;
				CLANG_WARN_QUOTED_INCLUDE_IN_FRAMEWORK_HEADER = YES;
				CLANG_WARN_RANGE_LOOP_ANALYSIS = YES;
				CLANG_WARN_STRICT_PROTOTYPES = YES;
				CLANG_WARN_SUSPICIOUS_MOVE = YES;
				CLANG_WARN_UNGUARDED_AVAILABILITY = YES_AGGRESSIVE;
				CLANG_WARN_UNREACHABLE_CODE = YES;
				CLANG_WARN__DUPLICATE_METHOD_MATCH = YES;
				COPY_PHASE_STRIP = NO;
				DEBUG_INFORMATION_FORMAT = dwarf;
				ENABLE_STRICT_OBJC_MSGSEND = YES;
				ENABLE_TESTABILITY = YES;
				GCC_C_LANGUAGE_STANDARD = gnu11;
				GCC_DYNAMIC_NO_PIC = NO;
				GCC_NO_COMMON_BLOCKS = YES;
				GCC_OPTIMIZATION_LEVEL = 0;
				GCC_PREPROCESSOR_DEFINITIONS = (
					"DEBUG=1",
					"$(inherited)",
				);
				GCC_WARN_64_TO_32_BIT_CONVERSION = YES;
				GCC_WARN_ABOUT_RETURN_TYPE = YES_ERROR;
				GCC_WARN_UNDECLARED_SELECTOR = YES;
				GCC_WARN_UNINITIALIZED_AUTOS = YES_AGGRESSIVE;
				GCC_WARN_UNUSED_FUNCTION = YES;
				GCC_WARN_UNUSED_VARIABLE = YES;
				IPHONEOS_DEPLOYMENT_TARGET = 15.0;
				MTL_ENABLE_DEBUG_INFO = INCLUDE_SOURCE;
				MTL_FAST_MATH = YES;
				ONLY_ACTIVE_ARCH = YES;
				SDKROOT = iphoneos;
			};
			name = Debug;
		};
		9B595488280A7AF200A3022E /* Release */ = {
			isa = XCBuildConfiguration;
			buildSettings = {
				ALWAYS_SEARCH_USER_PATHS = NO;
				CLANG_ANALYZER_NONNULL = YES;
				CLANG_ANALYZER_NUMBER_OBJECT_CONVERSION = YES_AGGRESSIVE;
				CLANG_CXX_LANGUAGE_STANDARD = "gnu++17";
				CLANG_CXX_LIBRARY = "libc++";
				CLANG_ENABLE_MODULES = YES;
				CLANG_ENABLE_OBJC_ARC = YES;
				CLANG_ENABLE_OBJC_WEAK = YES;
				CLANG_WARN_BLOCK_CAPTURE_AUTORELEASING = YES;
				CLANG_WARN_BOOL_CONVERSION = YES;
				CLANG_WARN_COMMA = YES;
				CLANG_WARN_CONSTANT_CONVERSION = YES;
				CLANG_WARN_DEPRECATED_OBJC_IMPLEMENTATIONS = YES;
				CLANG_WARN_DIRECT_OBJC_ISA_USAGE = YES_ERROR;
				CLANG_WARN_DOCUMENTATION_COMMENTS = YES;
				CLANG_WARN_EMPTY_BODY = YES;
				CLANG_WARN_ENUM_CONVERSION = YES;
				CLANG_WARN_INFINITE_RECURSION = YES;
				CLANG_WARN_INT_CONVERSION = YES;
				CLANG_WARN_NON_LITERAL_NULL_CONVERSION = YES;
				CLANG_WARN_OBJC_IMPLICIT_RETAIN_SELF = YES;
				CLANG_WARN_OBJC_LITERAL_CONVERSION = YES;
				CLANG_WARN_OBJC_ROOT_CLASS = YES_ERROR;
				CLANG_WARN_QUOTED_INCLUDE_IN_FRAMEWORK_HEADER = YES;
				CLANG_WARN_RANGE_LOOP_ANALYSIS = YES;
				CLANG_WARN_STRICT_PROTOTYPES = YES;
				CLANG_WARN_SUSPICIOUS_MOVE = YES;
				CLANG_WARN_UNGUARDED_AVAILABILITY = YES_AGGRESSIVE;
				CLANG_WARN_UNREACHABLE_CODE = YES;
				CLANG_WARN__DUPLICATE_METHOD_MATCH = YES;
				COPY_PHASE_STRIP = NO;
				DEBUG_INFORMATION_FORMAT = "dwarf-with-dsym";
				ENABLE_NS_ASSERTIONS = NO;
				ENABLE_STRICT_OBJC_MSGSEND = YES;
				GCC_C_LANGUAGE_STANDARD = gnu11;
				GCC_NO_COMMON_BLOCKS = YES;
				GCC_WARN_64_TO_32_BIT_CONVERSION = YES;
				GCC_WARN_ABOUT_RETURN_TYPE = YES_ERROR;
				GCC_WARN_UNDECLARED_SELECTOR = YES;
				GCC_WARN_UNINITIALIZED_AUTOS = YES_AGGRESSIVE;
				GCC_WARN_UNUSED_FUNCTION = YES;
				GCC_WARN_UNUSED_VARIABLE = YES;
				IPHONEOS_DEPLOYMENT_TARGET = 15.0;
				MTL_ENABLE_DEBUG_INFO = NO;
				MTL_FAST_MATH = YES;
				SDKROOT = iphoneos;
				VALIDATE_PRODUCT = YES;
			};
			name = Release;
		};
		9B59548A280A7AF200A3022E /* Debug */ = {
			isa = XCBuildConfiguration;
			buildSettings = {
				ASSETCATALOG_COMPILER_APPICON_NAME = AppIcon;
				ASSETCATALOG_COMPILER_GLOBAL_ACCENT_COLOR_NAME = AccentColor;
				CODE_SIGN_STYLE = Automatic;
				CURRENT_PROJECT_VERSION = 1;
				DEVELOPMENT_TEAM = 83N97B9S8K;
				GENERATE_INFOPLIST_FILE = YES;
				INFOPLIST_FILE = XiGuaMusicPlayer/Info.plist;
				INFOPLIST_KEY_UIApplicationSupportsIndirectInputEvents = YES;
				INFOPLIST_KEY_UILaunchStoryboardName = LaunchScreen;
				INFOPLIST_KEY_UIMainStoryboardFile = Main;
				INFOPLIST_KEY_UISupportedInterfaceOrientations = "";
				INFOPLIST_KEY_UISupportedInterfaceOrientations_iPad = "UIInterfaceOrientationPortrait UIInterfaceOrientationPortraitUpsideDown UIInterfaceOrientationLandscapeLeft UIInterfaceOrientationLandscapeRight";
				INFOPLIST_KEY_UISupportedInterfaceOrientations_iPhone = "UIInterfaceOrientationPortrait UIInterfaceOrientationLandscapeLeft UIInterfaceOrientationLandscapeRight";
				LD_RUNPATH_SEARCH_PATHS = (
					"$(inherited)",
					"@executable_path/Frameworks",
				);
				MARKETING_VERSION = 1.0;
				PRODUCT_BUNDLE_IDENTIFIER = "FLUM-AVES.XiGuaMusicPlayer";
				PRODUCT_NAME = "$(TARGET_NAME)";
				SWIFT_EMIT_LOC_STRINGS = YES;
				TARGETED_DEVICE_FAMILY = "1,2";
			};
			name = Debug;
		};
		9B59548B280A7AF200A3022E /* Release */ = {
			isa = XCBuildConfiguration;
			buildSettings = {
				ASSETCATALOG_COMPILER_APPICON_NAME = AppIcon;
				ASSETCATALOG_COMPILER_GLOBAL_ACCENT_COLOR_NAME = AccentColor;
				CODE_SIGN_STYLE = Automatic;
				CURRENT_PROJECT_VERSION = 1;
				DEVELOPMENT_TEAM = 83N97B9S8K;
				GENERATE_INFOPLIST_FILE = YES;
				INFOPLIST_FILE = XiGuaMusicPlayer/Info.plist;
				INFOPLIST_KEY_UIApplicationSupportsIndirectInputEvents = YES;
				INFOPLIST_KEY_UILaunchStoryboardName = LaunchScreen;
				INFOPLIST_KEY_UIMainStoryboardFile = Main;
				INFOPLIST_KEY_UISupportedInterfaceOrientations = "";
				INFOPLIST_KEY_UISupportedInterfaceOrientations_iPad = "UIInterfaceOrientationPortrait UIInterfaceOrientationPortraitUpsideDown UIInterfaceOrientationLandscapeLeft UIInterfaceOrientationLandscapeRight";
				INFOPLIST_KEY_UISupportedInterfaceOrientations_iPhone = "UIInterfaceOrientationPortrait UIInterfaceOrientationLandscapeLeft UIInterfaceOrientationLandscapeRight";
				LD_RUNPATH_SEARCH_PATHS = (
					"$(inherited)",
					"@executable_path/Frameworks",
				);
				MARKETING_VERSION = 1.0;
				PRODUCT_BUNDLE_IDENTIFIER = "FLUM-AVES.XiGuaMusicPlayer";
				PRODUCT_NAME = "$(TARGET_NAME)";
				SWIFT_EMIT_LOC_STRINGS = YES;
				TARGETED_DEVICE_FAMILY = "1,2";
			};
			name = Release;
		};
/* End XCBuildConfiguration section */

/* Begin XCConfigurationList section */
		9B59546B280A7AF100A3022E /* Build configuration list for PBXProject "XiGuaMusicPlayer" */ = {
			isa = XCConfigurationList;
			buildConfigurations = (
				9B595487280A7AF200A3022E /* Debug */,
				9B595488280A7AF200A3022E /* Release */,
			);
			defaultConfigurationIsVisible = 0;
			defaultConfigurationName = Release;
		};
		9B595489280A7AF200A3022E /* Build configuration list for PBXNativeTarget "XiGuaMusicPlayer" */ = {
			isa = XCConfigurationList;
			buildConfigurations = (
				9B59548A280A7AF200A3022E /* Debug */,
				9B59548B280A7AF200A3022E /* Release */,
			);
			defaultConfigurationIsVisible = 0;
			defaultConfigurationName = Release;
		};
/* End XCConfigurationList section */
	};
	rootObject = 9B595468280A7AF100A3022E /* Project object */;
}
